
Microsoft Visual Studio Solution File, Format Version 12.00
# Visual Studio Version 17
VisualStudioVersion = 17.14.37111.16 d17.14
MinimumVisualStudioVersion = 10.0.40219.1
Project("{FAE04EC0-301F-11D3-BF4B-00C04F79EFBC}") = "Reflections_Exercise01", "Reflections_Exercise01\Reflections_Exercise01.csproj", "{76AA8257-EC9E-4125-B6D2-CBF410C6C142}"
EndProject
Global
	GlobalSection(SolutionConfigurationPlatforms) = preSolution
		Debug|Any CPU = Debug|Any CPU
		Release|Any CPU = Release|Any CPU
	EndGlobalSection
	GlobalSection(ProjectConfigurationPlatforms) = postSolution
		{76AA8257-EC9E-4125-B6D2-CBF410C6C142}.Debug|Any CPU.ActiveCfg = Debug|Any CPU
		{76AA8257-EC9E-4125-B6D2-CBF410C6C142}.Debug|Any CPU.Build.0 = Debug|Any CPU
		{76AA8257-EC9E-4125-B6D2-CBF410C6C142}.Release|Any CPU.ActiveCfg = Release|Any CPU
		{76AA8257-EC9E-4125-B6D2-CBF410C6C142}.Release|Any CPU.Build.0 = Release|Any CPU
	EndGlobalSection
	GlobalSection(SolutionProperties) = preSolution
		HideSolutionNode = FALSE
	EndGlobalSection
	GlobalSection(ExtensibilityGlobals) = postSolution
		SolutionGuid = {CA104373-65F0-46F6-B105-7D04797015A8}
	EndGlobalSection
EndGlobal
