
Microsoft Visual Studio Solution File, Format Version 12.00
# Visual Studio Version 17
VisualStudioVersion = 17.14.36121.58 d17.14
MinimumVisualStudioVersion = 10.0.40219.1
Project("{FAE04EC0-301F-11D3-BF4B-00C04F79EFBC}") = "Delegates_Events_Exercise04", "Delegates_Events_Exercise04\Delegates_Events_Exercise04.csproj", "{514EF834-067F-48FA-8D16-B4F2172B2008}"
EndProject
Global
	GlobalSection(SolutionConfigurationPlatforms) = preSolution
		Debug|Any CPU = Debug|Any CPU
		Release|Any CPU = Release|Any CPU
	EndGlobalSection
	GlobalSection(ProjectConfigurationPlatforms) = postSolution
		{514EF834-067F-48FA-8D16-B4F2172B2008}.Debug|Any CPU.ActiveCfg = Debug|Any CPU
		{514EF834-067F-48FA-8D16-B4F2172B2008}.Debug|Any CPU.Build.0 = Debug|Any CPU
		{514EF834-067F-48FA-8D16-B4F2172B2008}.Release|Any CPU.ActiveCfg = Release|Any CPU
		{514EF834-067F-48FA-8D16-B4F2172B2008}.Release|Any CPU.Build.0 = Release|Any CPU
	EndGlobalSection
	GlobalSection(SolutionProperties) = preSolution
		HideSolutionNode = FALSE
	EndGlobalSection
	GlobalSection(ExtensibilityGlobals) = postSolution
		SolutionGuid = {2F12ED62-42F1-4813-84E6-9CD2E653489A}
	EndGlobalSection
EndGlobal
