
Microsoft Visual Studio Solution File, Format Version 12.00
# Visual Studio Version 17
VisualStudioVersion = 17.14.37111.16 d17.14
MinimumVisualStudioVersion = 10.0.40219.1
Project("{FAE04EC0-301F-11D3-BF4B-00C04F79EFBC}") = "ISetImplementaiton", "ISetImplementaiton.csproj", "{4ADEBAC0-8A4A-4D45-8E50-26A4B4FBA254}"
EndProject
Global
	GlobalSection(SolutionConfigurationPlatforms) = preSolution
		Debug|Any CPU = Debug|Any CPU
		Release|Any CPU = Release|Any CPU
	EndGlobalSection
	GlobalSection(ProjectConfigurationPlatforms) = postSolution
		{4ADEBAC0-8A4A-4D45-8E50-26A4B4FBA254}.Debug|Any CPU.ActiveCfg = Debug|Any CPU
		{4ADEBAC0-8A4A-4D45-8E50-26A4B4FBA254}.Debug|Any CPU.Build.0 = Debug|Any CPU
		{4ADEBAC0-8A4A-4D45-8E50-26A4B4FBA254}.Release|Any CPU.ActiveCfg = Release|Any CPU
		{4ADEBAC0-8A4A-4D45-8E50-26A4B4FBA254}.Release|Any CPU.Build.0 = Release|Any CPU
	EndGlobalSection
	GlobalSection(SolutionProperties) = preSolution
		HideSolutionNode = FALSE
	EndGlobalSection
	GlobalSection(ExtensibilityGlobals) = postSolution
		SolutionGuid = {36F8C4D1-D5AD-40B6-83C3-F6630695D5B4}
	EndGlobalSection
EndGlobal
