
Microsoft Visual Studio Solution File, Format Version 12.00
# Visual Studio Version 17
VisualStudioVersion = 17.14.37111.16 d17.14
MinimumVisualStudioVersion = 10.0.40219.1
Project("{FAE04EC0-301F-11D3-BF4B-00C04F79EFBC}") = "LinqJoina", "LinqJoina.csproj", "{53670E79-AC4C-4302-927C-C23786821415}"
EndProject
Global
	GlobalSection(SolutionConfigurationPlatforms) = preSolution
		Debug|Any CPU = Debug|Any CPU
		Release|Any CPU = Release|Any CPU
	EndGlobalSection
	GlobalSection(ProjectConfigurationPlatforms) = postSolution
		{53670E79-AC4C-4302-927C-C23786821415}.Debug|Any CPU.ActiveCfg = Debug|Any CPU
		{53670E79-AC4C-4302-927C-C23786821415}.Debug|Any CPU.Build.0 = Debug|Any CPU
		{53670E79-AC4C-4302-927C-C23786821415}.Release|Any CPU.ActiveCfg = Release|Any CPU
		{53670E79-AC4C-4302-927C-C23786821415}.Release|Any CPU.Build.0 = Release|Any CPU
	EndGlobalSection
	GlobalSection(SolutionProperties) = preSolution
		HideSolutionNode = FALSE
	EndGlobalSection
	GlobalSection(ExtensibilityGlobals) = postSolution
		SolutionGuid = {9D793BAF-EF19-476A-9BDB-E5907F9B74E9}
	EndGlobalSection
EndGlobal
