
Microsoft Visual Studio Solution File, Format Version 12.00
# Visual Studio Version 17
VisualStudioVersion = 17.14.37111.16 d17.14
MinimumVisualStudioVersion = 10.0.40219.1
Project("{FAE04EC0-301F-11D3-BF4B-00C04F79EFBC}") = "AccessConfigurations", "AccessConfigurations\AccessConfigurations.csproj", "{4D053D20-847C-4ACD-B96A-7555125FD377}"
EndProject
Global
	GlobalSection(SolutionConfigurationPlatforms) = preSolution
		Debug|Any CPU = Debug|Any CPU
		Release|Any CPU = Release|Any CPU
	EndGlobalSection
	GlobalSection(ProjectConfigurationPlatforms) = postSolution
		{4D053D20-847C-4ACD-B96A-7555125FD377}.Debug|Any CPU.ActiveCfg = Debug|Any CPU
		{4D053D20-847C-4ACD-B96A-7555125FD377}.Debug|Any CPU.Build.0 = Debug|Any CPU
		{4D053D20-847C-4ACD-B96A-7555125FD377}.Release|Any CPU.ActiveCfg = Release|Any CPU
		{4D053D20-847C-4ACD-B96A-7555125FD377}.Release|Any CPU.Build.0 = Release|Any CPU
	EndGlobalSection
	GlobalSection(SolutionProperties) = preSolution
		HideSolutionNode = FALSE
	EndGlobalSection
	GlobalSection(ExtensibilityGlobals) = postSolution
		SolutionGuid = {5DE506D1-91FB-4F6A-A68F-4A3886B6CFC2}
	EndGlobalSection
EndGlobal
