
Microsoft Visual Studio Solution File, Format Version 12.00
# Visual Studio Version 17
VisualStudioVersion = 17.14.37111.16 d17.14
MinimumVisualStudioVersion = 10.0.40219.1
Project("{FAE04EC0-301F-11D3-BF4B-00C04F79EFBC}") = "Dictionary", "Dictionary\Dictionary.csproj", "{18DA7897-ED17-4348-8D52-F9879156E1F1}"
EndProject
Global
	GlobalSection(SolutionConfigurationPlatforms) = preSolution
		Debug|Any CPU = Debug|Any CPU
		Release|Any CPU = Release|Any CPU
	EndGlobalSection
	GlobalSection(ProjectConfigurationPlatforms) = postSolution
		{18DA7897-ED17-4348-8D52-F9879156E1F1}.Debug|Any CPU.ActiveCfg = Debug|Any CPU
		{18DA7897-ED17-4348-8D52-F9879156E1F1}.Debug|Any CPU.Build.0 = Debug|Any CPU
		{18DA7897-ED17-4348-8D52-F9879156E1F1}.Release|Any CPU.ActiveCfg = Release|Any CPU
		{18DA7897-ED17-4348-8D52-F9879156E1F1}.Release|Any CPU.Build.0 = Release|Any CPU
	EndGlobalSection
	GlobalSection(SolutionProperties) = preSolution
		HideSolutionNode = FALSE
	EndGlobalSection
	GlobalSection(ExtensibilityGlobals) = postSolution
		SolutionGuid = {4BA08893-2AB7-472F-87DD-14D3E7EF4986}
	EndGlobalSection
EndGlobal
