
Microsoft Visual Studio Solution File, Format Version 12.00
# Visual Studio Version 17
VisualStudioVersion = 17.14.37111.16 d17.14
MinimumVisualStudioVersion = 10.0.40219.1
Project("{FAE04EC0-301F-11D3-BF4B-00C04F79EFBC}") = "LINQQueries", "OrderByUsingLINQ\LINQQueries.csproj", "{43850DAA-D763-4474-96BD-D62AEF981EB5}"
EndProject
Global
	GlobalSection(SolutionConfigurationPlatforms) = preSolution
		Debug|Any CPU = Debug|Any CPU
		Release|Any CPU = Release|Any CPU
	EndGlobalSection
	GlobalSection(ProjectConfigurationPlatforms) = postSolution
		{43850DAA-D763-4474-96BD-D62AEF981EB5}.Debug|Any CPU.ActiveCfg = Debug|Any CPU
		{43850DAA-D763-4474-96BD-D62AEF981EB5}.Debug|Any CPU.Build.0 = Debug|Any CPU
		{43850DAA-D763-4474-96BD-D62AEF981EB5}.Release|Any CPU.ActiveCfg = Release|Any CPU
		{43850DAA-D763-4474-96BD-D62AEF981EB5}.Release|Any CPU.Build.0 = Release|Any CPU
	EndGlobalSection
	GlobalSection(SolutionProperties) = preSolution
		HideSolutionNode = FALSE
	EndGlobalSection
	GlobalSection(ExtensibilityGlobals) = postSolution
		SolutionGuid = {9433B69C-4162-4B4B-93D9-27A669A9CB13}
	EndGlobalSection
EndGlobal
