
Microsoft Visual Studio Solution File, Format Version 12.00
# Visual Studio Version 17
VisualStudioVersion = 17.14.36310.24 d17.14
MinimumVisualStudioVersion = 10.0.40219.1
Project("{FAE04EC0-301F-11D3-BF4B-00C04F79EFBC}") = "Delegates_EventHandler_Exercise02", "Delegates_EventHandler_Exercise02.csproj", "{1B9A697E-9A79-4510-9F39-C5E5BB17577D}"
EndProject
Global
	GlobalSection(SolutionConfigurationPlatforms) = preSolution
		Debug|Any CPU = Debug|Any CPU
		Release|Any CPU = Release|Any CPU
	EndGlobalSection
	GlobalSection(ProjectConfigurationPlatforms) = postSolution
		{1B9A697E-9A79-4510-9F39-C5E5BB17577D}.Debug|Any CPU.ActiveCfg = Debug|Any CPU
		{1B9A697E-9A79-4510-9F39-C5E5BB17577D}.Debug|Any CPU.Build.0 = Debug|Any CPU
		{1B9A697E-9A79-4510-9F39-C5E5BB17577D}.Release|Any CPU.ActiveCfg = Release|Any CPU
		{1B9A697E-9A79-4510-9F39-C5E5BB17577D}.Release|Any CPU.Build.0 = Release|Any CPU
	EndGlobalSection
	GlobalSection(SolutionProperties) = preSolution
		HideSolutionNode = FALSE
	EndGlobalSection
	GlobalSection(ExtensibilityGlobals) = postSolution
		SolutionGuid = {D0C0D1B6-DA8C-4A0E-88A3-1D330C4426B9}
	EndGlobalSection
EndGlobal
