
Microsoft Visual Studio Solution File, Format Version 12.00
# Visual Studio Version 17
VisualStudioVersion = 17.14.37111.16 d17.14
MinimumVisualStudioVersion = 10.0.40219.1
Project("{FAE04EC0-301F-11D3-BF4B-00C04F79EFBC}") = "CRUDvsT-SQL", "CRUDvsT-SQL.csproj", "{77612B6A-6150-4734-BC12-D24029979553}"
EndProject
Global
	GlobalSection(SolutionConfigurationPlatforms) = preSolution
		Debug|Any CPU = Debug|Any CPU
		Release|Any CPU = Release|Any CPU
	EndGlobalSection
	GlobalSection(ProjectConfigurationPlatforms) = postSolution
		{77612B6A-6150-4734-BC12-D24029979553}.Debug|Any CPU.ActiveCfg = Debug|Any CPU
		{77612B6A-6150-4734-BC12-D24029979553}.Debug|Any CPU.Build.0 = Debug|Any CPU
		{77612B6A-6150-4734-BC12-D24029979553}.Release|Any CPU.ActiveCfg = Release|Any CPU
		{77612B6A-6150-4734-BC12-D24029979553}.Release|Any CPU.Build.0 = Release|Any CPU
	EndGlobalSection
	GlobalSection(SolutionProperties) = preSolution
		HideSolutionNode = FALSE
	EndGlobalSection
	GlobalSection(ExtensibilityGlobals) = postSolution
		SolutionGuid = {32F3591A-F107-4ED9-9D27-866E6E7E301E}
	EndGlobalSection
EndGlobal
