
Microsoft Visual Studio Solution File, Format Version 12.00
# Visual Studio Version 17
VisualStudioVersion = 17.14.37111.16 d17.14
MinimumVisualStudioVersion = 10.0.40219.1
Project("{FAE04EC0-301F-11D3-BF4B-00C04F79EFBC}") = "EF002_ExternalConfig", "EF002_ExternalConfig.csproj", "{01732FFD-057D-4555-8B63-6C27C5FCB8F5}"
EndProject
Global
	GlobalSection(SolutionConfigurationPlatforms) = preSolution
		Debug|Any CPU = Debug|Any CPU
		Release|Any CPU = Release|Any CPU
	EndGlobalSection
	GlobalSection(ProjectConfigurationPlatforms) = postSolution
		{01732FFD-057D-4555-8B63-6C27C5FCB8F5}.Debug|Any CPU.ActiveCfg = Debug|Any CPU
		{01732FFD-057D-4555-8B63-6C27C5FCB8F5}.Debug|Any CPU.Build.0 = Debug|Any CPU
		{01732FFD-057D-4555-8B63-6C27C5FCB8F5}.Release|Any CPU.ActiveCfg = Release|Any CPU
		{01732FFD-057D-4555-8B63-6C27C5FCB8F5}.Release|Any CPU.Build.0 = Release|Any CPU
	EndGlobalSection
	GlobalSection(SolutionProperties) = preSolution
		HideSolutionNode = FALSE
	EndGlobalSection
	GlobalSection(ExtensibilityGlobals) = postSolution
		SolutionGuid = {FAAD925A-4D00-4493-B8EF-B4AE7D131388}
	EndGlobalSection
EndGlobal
