
Microsoft Visual Studio Solution File, Format Version 12.00
# Visual Studio Version 17
VisualStudioVersion = 17.14.37111.16 d17.14
MinimumVisualStudioVersion = 10.0.40219.1
Project("{FAE04EC0-301F-11D3-BF4B-00C04F79EFBC}") = "HM1-ASSIG", "HM1-ASSIG.csproj", "{0501DF10-36BE-418D-A195-6D7B51AB84FB}"
EndProject
Global
	GlobalSection(SolutionConfigurationPlatforms) = preSolution
		Debug|Any CPU = Debug|Any CPU
		Release|Any CPU = Release|Any CPU
	EndGlobalSection
	GlobalSection(ProjectConfigurationPlatforms) = postSolution
		{0501DF10-36BE-418D-A195-6D7B51AB84FB}.Debug|Any CPU.ActiveCfg = Debug|Any CPU
		{0501DF10-36BE-418D-A195-6D7B51AB84FB}.Debug|Any CPU.Build.0 = Debug|Any CPU
		{0501DF10-36BE-418D-A195-6D7B51AB84FB}.Release|Any CPU.ActiveCfg = Release|Any CPU
		{0501DF10-36BE-418D-A195-6D7B51AB84FB}.Release|Any CPU.Build.0 = Release|Any CPU
	EndGlobalSection
	GlobalSection(SolutionProperties) = preSolution
		HideSolutionNode = FALSE
	EndGlobalSection
	GlobalSection(ExtensibilityGlobals) = postSolution
		SolutionGuid = {627A14A5-4665-4DBB-BCCC-04F65932C8D7}
	EndGlobalSection
EndGlobal
