
Microsoft Visual Studio Solution File, Format Version 12.00
# Visual Studio Version 17
VisualStudioVersion = 17.14.37111.16 d17.14
MinimumVisualStudioVersion = 10.0.40219.1
Project("{FAE04EC0-301F-11D3-BF4B-00C04F79EFBC}") = "EF_TPC", "EF_TPC.csproj", "{B8F8495F-B759-4DF1-8FB8-EF0C1455AFEC}"
EndProject
Global
	GlobalSection(SolutionConfigurationPlatforms) = preSolution
		Debug|Any CPU = Debug|Any CPU
		Release|Any CPU = Release|Any CPU
	EndGlobalSection
	GlobalSection(ProjectConfigurationPlatforms) = postSolution
		{B8F8495F-B759-4DF1-8FB8-EF0C1455AFEC}.Debug|Any CPU.ActiveCfg = Debug|Any CPU
		{B8F8495F-B759-4DF1-8FB8-EF0C1455AFEC}.Debug|Any CPU.Build.0 = Debug|Any CPU
		{B8F8495F-B759-4DF1-8FB8-EF0C1455AFEC}.Release|Any CPU.ActiveCfg = Release|Any CPU
		{B8F8495F-B759-4DF1-8FB8-EF0C1455AFEC}.Release|Any CPU.Build.0 = Release|Any CPU
	EndGlobalSection
	GlobalSection(SolutionProperties) = preSolution
		HideSolutionNode = FALSE
	EndGlobalSection
	GlobalSection(ExtensibilityGlobals) = postSolution
		SolutionGuid = {FB6C5754-C858-41B0-BF8E-CFBED3366A17}
	EndGlobalSection
EndGlobal
