
Microsoft Visual Studio Solution File, Format Version 12.00
# Visual Studio Version 17
VisualStudioVersion = 17.14.37111.16 d17.14
MinimumVisualStudioVersion = 10.0.40219.1
Project("{FAE04EC0-301F-11D3-BF4B-00C04F79EFBC}") = "Threading", "Threading.csproj", "{0A49E452-1695-41F2-A99D-E11EDF5109CB}"
EndProject
Global
	GlobalSection(SolutionConfigurationPlatforms) = preSolution
		Debug|Any CPU = Debug|Any CPU
		Release|Any CPU = Release|Any CPU
	EndGlobalSection
	GlobalSection(ProjectConfigurationPlatforms) = postSolution
		{0A49E452-1695-41F2-A99D-E11EDF5109CB}.Debug|Any CPU.ActiveCfg = Debug|Any CPU
		{0A49E452-1695-41F2-A99D-E11EDF5109CB}.Debug|Any CPU.Build.0 = Debug|Any CPU
		{0A49E452-1695-41F2-A99D-E11EDF5109CB}.Release|Any CPU.ActiveCfg = Release|Any CPU
		{0A49E452-1695-41F2-A99D-E11EDF5109CB}.Release|Any CPU.Build.0 = Release|Any CPU
	EndGlobalSection
	GlobalSection(SolutionProperties) = preSolution
		HideSolutionNode = FALSE
	EndGlobalSection
	GlobalSection(ExtensibilityGlobals) = postSolution
		SolutionGuid = {F2DC29E8-8EE9-4A5C-94ED-4208389F523F}
	EndGlobalSection
EndGlobal
